<?xml version="1.0" encoding="utf-8"?>
<Project ToolsVersion="4.0" xmlns="http://schemas.microsoft.com/developer/msbuild/2003">
  <ItemGroup>
    <Filter Include="Source Files">
      <UniqueIdentifier>{4FC737F1-C7A5-4376-A066-2A32D752A2FF}</UniqueIdentifier>
      <Extensions>qml;cpp;c;cc;cxx;def;odl;idl;hpj;bat;asm;asmx</Extensions>
    </Filter>
    <Filter Include="Resource Files">
      <UniqueIdentifier>{67DA6AB6-F800-4c08-8B7A-83BB121AAD01}</UniqueIdentifier>
      <Extensions>qrc;rc;ico;cur;bmp;dlg;rc2;rct;bin;rgs;gif;jpg;jpeg;jpe;resx;tiff;tif;png;wav;mfcribbon-ms</Extensions>
    </Filter>
    <Filter Include="Form Files">
      <UniqueIdentifier>{99349809-55BA-4b9d-BF79-8FDBB0286EB3}</UniqueIdentifier>
      <Extensions>ui</Extensions>
    </Filter>
    <Filter Include="Translation Files">
      <UniqueIdentifier>{639EADAA-A684-42e4-A9AD-28FC9BCB8F7C}</UniqueIdentifier>
      <Extensions>ts</Extensions>
    </Filter>
    <Filter Include="WidgetHelper">
      <UniqueIdentifier>{8d82632a-9a14-43f5-b058-9f028c80bc57}</UniqueIdentifier>
    </Filter>
    <Filter Include="Include">
      <UniqueIdentifier>{690aff53-da6a-4b33-b81d-05d9717fd48e}</UniqueIdentifier>
    </Filter>
    <Filter Include="Utils">
      <UniqueIdentifier>{1c37a377-9105-4cc6-95ef-846e362a8127}</UniqueIdentifier>
    </Filter>
    <Filter Include="QtHelper">
      <UniqueIdentifier>{d4c4d076-3850-417c-8318-25bba76e145a}</UniqueIdentifier>
    </Filter>
  </ItemGroup>
  <ItemGroup>
    <ClCompile Include="QtClassLibraryInject.cpp">
      <Filter>Source Files</Filter>
    </ClCompile>
    <ClCompile Include="dllmain.cpp">
      <Filter>Source Files</Filter>
    </ClCompile>
    <ClCompile Include="Utils\SystemCommonUtils.cpp">
      <Filter>Utils</Filter>
    </ClCompile>
    <ClCompile Include="QtHelper\QthMainWindow.cpp">
      <Filter>QtHelper</Filter>
    </ClCompile>
    <ClCompile Include="QtHelper\QthWidgetHelper.cpp">
      <Filter>QtHelper</Filter>
    </ClCompile>
    <ClCompile Include="QtHelper\QthCaptureDlg.cpp">
      <Filter>QtHelper</Filter>
    </ClCompile>
    <ClCompile Include="QtHelper\QthWidgetDetails.cpp">
      <Filter>QtHelper</Filter>
    </ClCompile>
    <ClCompile Include="QtHelper\QthCommon.cpp">
      <Filter>QtHelper</Filter>
    </ClCompile>
    <ClCompile Include="QtHelper\QthCustomListItem.cpp">
      <Filter>QtHelper</Filter>
    </ClCompile>
  </ItemGroup>
  <ItemGroup>
    <ClCompile Include="WidgetHelper\widgethelper.cpp">
      <Filter>WidgetHelper</Filter>
    </ClCompile>
  </ItemGroup>
  <ItemGroup>
    <QtMoc Include="WidgetHelper\widgethelper.h">
      <Filter>WidgetHelper</Filter>
    </QtMoc>
    <QtMoc Include="QtHelper\QthMainWindow.h">
      <Filter>QtHelper</Filter>
    </QtMoc>
    <QtMoc Include="QtHelper\QthWidgetHelper.h">
      <Filter>QtHelper</Filter>
    </QtMoc>
    <QtMoc Include="QtHelper\QthCaptureDlg.h">
      <Filter>QtHelper</Filter>
    </QtMoc>
    <QtMoc Include="QtHelper\QthWidgetDetails.h">
      <Filter>QtHelper</Filter>
    </QtMoc>
  </ItemGroup>
  <ItemGroup>
    <ClInclude Include="..\Include\QtClassLibraryInject.h">
      <Filter>Include</Filter>
    </ClInclude>
    <ClInclude Include="..\Include\qtclasslibraryinject_global.h">
      <Filter>Include</Filter>
    </ClInclude>
    <ClInclude Include="Utils\SystemCommonUtils.h">
      <Filter>Utils</Filter>
    </ClInclude>
    <ClInclude Include="QtHelper\QthCommon.h">
      <Filter>QtHelper</Filter>
    </ClInclude>
    <ClInclude Include="QtHelper\QthCustomListItem.h">
      <Filter>QtHelper</Filter>
    </ClInclude>
    <ClInclude Include="..\Include\QtHelperNetWorkExport.h">
      <Filter>Include</Filter>
    </ClInclude>
  </ItemGroup>
  <ItemGroup>
    <None Include="QtClassLibraryInject.def">
      <Filter>Source Files</Filter>
    </None>
  </ItemGroup>
</Project>